{
  "name": "battleship",
  "lockfileVersion": 2,
  "requires": true,
  "packages": {
    "": {
      "dependencies": {
        "aws-jwt-verify": "^3.0.0"
      }
    },
    "node_modules/aws-jwt-verify": {
      "version": "3.0.0",
      "resolved": "https://registry.npmjs.org/aws-jwt-verify/-/aws-jwt-verify-3.0.0.tgz",
      "integrity": "sha512-omrsipeveHvc2L7WaoSZIS0hozRoqKsGeaWYxbqKl1ZTAjL7TKCVqYp0Gy0G0juV4Nr6niTYSNqnW4NJHXACbw==",
      "engines": {
        "node": ">=14.0.0"
      }
    }
  },
  "dependencies": {
    "aws-jwt-verify": {
      "version": "3.0.0",
      "resolved": "https://registry.npmjs.org/aws-jwt-verify/-/aws-jwt-verify-3.0.0.tgz",
      "integrity": "sha512-omrsipeveHvc2L7WaoSZIS0hozRoqKsGeaWYxbqKl1ZTAjL7TKCVqYp0Gy0G0juV4Nr6niTYSNqnW4NJHXACbw=="
    }
  }
}
